
Microsoft Visual Studio Solution File, Format Version 12.00
# Visual Studio Version 17
VisualStudioVersion = 17.9.34622.214
MinimumVisualStudioVersion = 10.0.40219.1
Project("{FAE04EC0-301F-11D3-BF4B-00C04F79EFBC}") = "ToDoApp", "ToDoApp\ToDoApp.csproj", "{D756A2FE-086A-4D10-AAED-475CC5270DB2}"
EndProject
Project("{FAE04EC0-301F-11D3-BF4B-00C04F79EFBC}") = "Domain", "Domain\Domain.csproj", "{E0C5BF3C-501A-4738-B47A-C87E74EEB80F}"
EndProject
Project("{FAE04EC0-301F-11D3-BF4B-00C04F79EFBC}") = "Application", "Application\Application.csproj", "{F674B277-1377-4DB6-88F1-2A1A1C425D31}"
EndProject
Global
	GlobalSection(SolutionConfigurationPlatforms) = preSolution
		Debug|Any CPU = Debug|Any CPU
		Release|Any CPU = Release|Any CPU
	EndGlobalSection
	GlobalSection(ProjectConfigurationPlatforms) = postSolution
		{D756A2FE-086A-4D10-AAED-475CC5270DB2}.Debug|Any CPU.ActiveCfg = Debug|Any CPU
		{D756A2FE-086A-4D10-AAED-475CC5270DB2}.Debug|Any CPU.Build.0 = Debug|Any CPU
		{D756A2FE-086A-4D10-AAED-475CC5270DB2}.Release|Any CPU.ActiveCfg = Release|Any CPU
		{D756A2FE-086A-4D10-AAED-475CC5270DB2}.Release|Any CPU.Build.0 = Release|Any CPU
		{E0C5BF3C-501A-4738-B47A-C87E74EEB80F}.Debug|Any CPU.ActiveCfg = Debug|Any CPU
		{E0C5BF3C-501A-4738-B47A-C87E74EEB80F}.Debug|Any CPU.Build.0 = Debug|Any CPU
		{E0C5BF3C-501A-4738-B47A-C87E74EEB80F}.Release|Any CPU.ActiveCfg = Release|Any CPU
		{E0C5BF3C-501A-4738-B47A-C87E74EEB80F}.Release|Any CPU.Build.0 = Release|Any CPU
		{F674B277-1377-4DB6-88F1-2A1A1C425D31}.Debug|Any CPU.ActiveCfg = Debug|Any CPU
		{F674B277-1377-4DB6-88F1-2A1A1C425D31}.Debug|Any CPU.Build.0 = Debug|Any CPU
		{F674B277-1377-4DB6-88F1-2A1A1C425D31}.Release|Any CPU.ActiveCfg = Release|Any CPU
		{F674B277-1377-4DB6-88F1-2A1A1C425D31}.Release|Any CPU.Build.0 = Release|Any CPU
	EndGlobalSection
	GlobalSection(SolutionProperties) = preSolution
		HideSolutionNode = FALSE
	EndGlobalSection
	GlobalSection(ExtensibilityGlobals) = postSolution
		SolutionGuid = {0DFF3678-640F-4A1D-A1D0-66632B67C11C}
	EndGlobalSection
EndGlobal
